
Microsoft Visual Studio Solution File, Format Version 12.00
# Visual Studio Version 17
VisualStudioVersion = 17.8.34316.72
MinimumVisualStudioVersion = 10.0.40219.1
Project("{FAE04EC0-301F-11D3-BF4B-00C04F79EFBC}") = "FileFetch", "FileFetch\FileFetch.csproj", "{CFBCDB87-3CCC-40AE-8C58-7802C47725C7}"
EndProject
Global
	GlobalSection(SolutionConfigurationPlatforms) = preSolution
		Debug|Any CPU = Debug|Any CPU
		Release|Any CPU = Release|Any CPU
	EndGlobalSection
	GlobalSection(ProjectConfigurationPlatforms) = postSolution
		{CFBCDB87-3CCC-40AE-8C58-7802C47725C7}.Debug|Any CPU.ActiveCfg = Debug|Any CPU
		{CFBCDB87-3CCC-40AE-8C58-7802C47725C7}.Debug|Any CPU.Build.0 = Debug|Any CPU
		{CFBCDB87-3CCC-40AE-8C58-7802C47725C7}.Release|Any CPU.ActiveCfg = Release|Any CPU
		{CFBCDB87-3CCC-40AE-8C58-7802C47725C7}.Release|Any CPU.Build.0 = Release|Any CPU
	EndGlobalSection
	GlobalSection(SolutionProperties) = preSolution
		HideSolutionNode = FALSE
	EndGlobalSection
	GlobalSection(ExtensibilityGlobals) = postSolution
		SolutionGuid = {B5CF8A1E-7C63-41F1-B815-3CB0F4112489}
	EndGlobalSection
EndGlobal
